
Microsoft Visual Studio Solution File, Format Version 12.00
# Visual Studio Version 16
VisualStudioVersion = 16.0.29613.14
MinimumVisualStudioVersion = 10.0.40219.1
Project("{FAE04EC0-301F-11D3-BF4B-00C04F79EFBC}") = "ToDoAPI", "ToDoAPI\ToDoAPI.csproj", "{1CB7C25F-AFF5-4B4D-AEEB-3674F951EFBD}"
EndProject
Global
	GlobalSection(SolutionConfigurationPlatforms) = preSolution
		Debug|Any CPU = Debug|Any CPU
		Release|Any CPU = Release|Any CPU
	EndGlobalSection
	GlobalSection(ProjectConfigurationPlatforms) = postSolution
		{1CB7C25F-AFF5-4B4D-AEEB-3674F951EFBD}.Debug|Any CPU.ActiveCfg = Debug|Any CPU
		{1CB7C25F-AFF5-4B4D-AEEB-3674F951EFBD}.Debug|Any CPU.Build.0 = Debug|Any CPU
		{1CB7C25F-AFF5-4B4D-AEEB-3674F951EFBD}.Release|Any CPU.ActiveCfg = Release|Any CPU
		{1CB7C25F-AFF5-4B4D-AEEB-3674F951EFBD}.Release|Any CPU.Build.0 = Release|Any CPU
	EndGlobalSection
	GlobalSection(SolutionProperties) = preSolution
		HideSolutionNode = FALSE
	EndGlobalSection
	GlobalSection(ExtensibilityGlobals) = postSolution
		SolutionGuid = {9F5F4F3E-FD57-409B-BABA-E1EA975068EB}
	EndGlobalSection
EndGlobal
